<?xml version="1.0" encoding="utf-8"?>
<Project ToolsVersion="4.0" xmlns="http://schemas.microsoft.com/developer/msbuild/2003">
  <ItemGroup>
    <Filter Include="소스 파일">
      <UniqueIdentifier>{4FC737F1-C7A5-4376-A066-2A32D752A2FF}</UniqueIdentifier>
      <Extensions>cpp;c;cc;cxx;c++;cppm;ixx;def;odl;idl;hpj;bat;asm;asmx</Extensions>
    </Filter>
    <Filter Include="헤더 파일">
      <UniqueIdentifier>{93995380-89BD-4b04-88EB-625FBE52EBFB}</UniqueIdentifier>
      <Extensions>h;hh;hpp;hxx;h++;hm;inl;inc;ipp;xsd</Extensions>
    </Filter>
    <Filter Include="Game">
      <UniqueIdentifier>{7ed7d667-46ee-4f9e-a9a0-825e0baaa141}</UniqueIdentifier>
    </Filter>
    <Filter Include="Game\00. Core">
      <UniqueIdentifier>{f2c71326-02ef-4439-a79a-c88183e541e6}</UniqueIdentifier>
    </Filter>
    <Filter Include="리소스 파일">
      <UniqueIdentifier>{67DA6AB6-F800-4c08-8B7A-83BB121AAD01}</UniqueIdentifier>
      <Extensions>rc;ico;cur;bmp;dlg;rc2;rct;bin;rgs;gif;jpg;jpeg;jpe;resx;tiff;tif;png;wav;mfcribbon-ms</Extensions>
    </Filter>
    <Filter Include="Game\01. Object">
      <UniqueIdentifier>{6d74601e-e590-4bcd-8fab-429d5e4926eb}</UniqueIdentifier>
    </Filter>
    <Filter Include="Game\02. Manager">
      <UniqueIdentifier>{1e2f2e5a-8e70-4a90-8727-c9db111efd1f}</UniqueIdentifier>
    </Filter>
    <Filter Include="Game\03. Scene">
      <UniqueIdentifier>{c8407084-c088-4590-bab7-b32f241b761e}</UniqueIdentifier>
    </Filter>
    <Filter Include="Game\03. Scene\Start_Scene">
      <UniqueIdentifier>{7f22ed9f-d40e-4408-9494-ad69257c9136}</UniqueIdentifier>
    </Filter>
    <Filter Include="Game\02. Manager\Key">
      <UniqueIdentifier>{46da3be2-0870-4d11-b8f5-319f75e38eb7}</UniqueIdentifier>
    </Filter>
    <Filter Include="Game\02. Manager\Time">
      <UniqueIdentifier>{f3eae932-18d8-4a11-8b0f-a2892e59ae05}</UniqueIdentifier>
    </Filter>
    <Filter Include="Game\02. Manager\Scene">
      <UniqueIdentifier>{0473e36d-c6cb-41e5-b79b-745de37fd648}</UniqueIdentifier>
    </Filter>
    <Filter Include="Game\01. Object\Player">
      <UniqueIdentifier>{ec9f2490-9f11-4cfd-bfc3-4397560d4043}</UniqueIdentifier>
    </Filter>
  </ItemGroup>
  <ItemGroup>
    <ClInclude Include="framework.h">
      <Filter>헤더 파일</Filter>
    </ClInclude>
    <ClInclude Include="targetver.h">
      <Filter>헤더 파일</Filter>
    </ClInclude>
    <ClInclude Include="Resource.h">
      <Filter>헤더 파일</Filter>
    </ClInclude>
    <ClInclude Include="Summer24.h">
      <Filter>헤더 파일</Filter>
    </ClInclude>
    <ClInclude Include="define.h">
      <Filter>헤더 파일</Filter>
    </ClInclude>
    <ClInclude Include="CCore.h">
      <Filter>Game\00. Core</Filter>
    </ClInclude>
    <ClInclude Include="pch.h">
      <Filter>헤더 파일</Filter>
    </ClInclude>
    <ClInclude Include="CObject.h">
      <Filter>Game\01. Object</Filter>
    </ClInclude>
    <ClInclude Include="struct.h">
      <Filter>헤더 파일</Filter>
    </ClInclude>
    <ClInclude Include="CScene.h">
      <Filter>Game\03. Scene</Filter>
    </ClInclude>
    <ClInclude Include="Start_Scene.h">
      <Filter>Game\03. Scene\Start_Scene</Filter>
    </ClInclude>
    <ClInclude Include="KeyMgr.h">
      <Filter>Game\02. Manager\Key</Filter>
    </ClInclude>
    <ClInclude Include="TimeMgr.h">
      <Filter>Game\02. Manager\Time</Filter>
    </ClInclude>
    <ClInclude Include="SceneMgr.h">
      <Filter>Game\02. Manager\Scene</Filter>
    </ClInclude>
    <ClInclude Include="Player.h">
      <Filter>Game\01. Object\Player</Filter>
    </ClInclude>
  </ItemGroup>
  <ItemGroup>
    <ClCompile Include="CCore.cpp">
      <Filter>Game\00. Core</Filter>
    </ClCompile>
    <ClCompile Include="Summer24.cpp">
      <Filter>Game</Filter>
    </ClCompile>
    <ClCompile Include="pch.cpp">
      <Filter>Game</Filter>
    </ClCompile>
    <ClCompile Include="CObject.cpp">
      <Filter>Game\01. Object</Filter>
    </ClCompile>
    <ClCompile Include="CScene.cpp">
      <Filter>Game\03. Scene</Filter>
    </ClCompile>
    <ClCompile Include="Start_Scene.cpp">
      <Filter>Game\03. Scene\Start_Scene</Filter>
    </ClCompile>
    <ClCompile Include="KeyMgr.cpp">
      <Filter>Game\02. Manager\Key</Filter>
    </ClCompile>
    <ClCompile Include="TimeMgr.cpp">
      <Filter>Game\02. Manager\Time</Filter>
    </ClCompile>
    <ClCompile Include="SceneMgr.cpp">
      <Filter>Game\02. Manager\Scene</Filter>
    </ClCompile>
    <ClCompile Include="Player.cpp">
      <Filter>Game\01. Object\Player</Filter>
    </ClCompile>
  </ItemGroup>
  <ItemGroup>
    <ResourceCompile Include="Summer24.rc">
      <Filter>리소스 파일</Filter>
    </ResourceCompile>
  </ItemGroup>
  <ItemGroup>
    <Image Include="small.ico">
      <Filter>리소스 파일</Filter>
    </Image>
    <Image Include="Summer24.ico">
      <Filter>리소스 파일</Filter>
    </Image>
  </ItemGroup>
</Project>